// !$*UTF8*$!
{
	archiveVersion = 1;
	classes = {
	};
	objectVersion = 50;
	objects = {

/* Begin PBXBuildFile section */
		96A051C9241B831C0079EF76 /* AppDelegate.m in Sources */ = {isa = PBXBuildFile; fileRef = 96A051C8241B831C0079EF76 /* AppDelegate.m */; };
		96A051CC241B831C0079EF76 /* SceneDelegate.m in Sources */ = {isa = PBXBuildFile; fileRef = 96A051CB241B831C0079EF76 /* SceneDelegate.m */; };
		96A051CF241B831C0079EF76 /* ViewController.m in Sources */ = {isa = PBXBuildFile; fileRef = 96A051CE241B831C0079EF76 /* ViewController.m */; };
		96A051D2241B831C0079EF76 /* Main.storyboard in Resources */ = {isa = PBXBuildFile; fileRef = 96A051D0241B831C0079EF76 /* Main.storyboard */; };
		96A051D4241B831F0079EF76 /* Assets.xcassets in Resources */ = {isa = PBXBuildFile; fileRef = 96A051D3241B831F0079EF76 /* Assets.xcassets */; };
		96A051D7241B831F0079EF76 /* LaunchScreen.storyboard in Resources */ = {isa = PBXBuildFile; fileRef = 96A051D5241B831F0079EF76 /* LaunchScreen.storyboard */; };
		96A051DA241B831F0079EF76 /* main.m in Sources */ = {isa = PBXBuildFile; fileRef = 96A051D9241B831F0079EF76 /* main.m */; };
		96A051E4241B831F0079EF76 /* ArrrayTestTests.m in Sources */ = {isa = PBXBuildFile; fileRef = 96A051E3241B831F0079EF76 /* ArrrayTestTests.m */; };
		96A051EF241B831F0079EF76 /* ArrrayTestUITests.m in Sources */ = {isa = PBXBuildFile; fileRef = 96A051EE241B831F0079EF76 /* ArrrayTestUITests.m */; };
/* End PBXBuildFile section */

/* Begin PBXContainerItemProxy section */
		96A051E0241B831F0079EF76 /* PBXContainerItemProxy */ = {
			isa = PBXContainerItemProxy;
			containerPortal = 96A051BC241B831C0079EF76 /* Project object */;
			proxyType = 1;
			remoteGlobalIDString = 96A051C3241B831C0079EF76;
			remoteInfo = ArrrayTest;
		};
		96A051EB241B831F0079EF76 /* PBXContainerItemProxy */ = {
			isa = PBXContainerItemProxy;
			containerPortal = 96A051BC241B831C0079EF76 /* Project object */;
			proxyType = 1;
			remoteGlobalIDString = 96A051C3241B831C0079EF76;
			remoteInfo = ArrrayTest;
		};
/* End PBXContainerItemProxy section */

/* Begin PBXFileReference section */
		96A051C4241B831C0079EF76 /* ArrrayTest.app */ = {isa = PBXFileReference; explicitFileType = wrapper.application; includeInIndex = 0; path = ArrrayTest.app; sourceTree = BUILT_PRODUCTS_DIR; };
		96A051C7241B831C0079EF76 /* AppDelegate.h */ = {isa = PBXFileReference; lastKnownFileType = sourcecode.c.h; path = AppDelegate.h; sourceTree = "<group>"; };
		96A051C8241B831C0079EF76 /* AppDelegate.m */ = {isa = PBXFileReference; lastKnownFileType = sourcecode.c.objc; path = AppDelegate.m; sourceTree = "<group>"; };
		96A051CA241B831C0079EF76 /* SceneDelegate.h */ = {isa = PBXFileReference; lastKnownFileType = sourcecode.c.h; path = SceneDelegate.h; sourceTree = "<group>"; };
		96A051CB241B831C0079EF76 /* SceneDelegate.m */ = {isa = PBXFileReference; lastKnownFileType = sourcecode.c.objc; path = SceneDelegate.m; sourceTree = "<group>"; };
		96A051CD241B831C0079EF76 /* ViewController.h */ = {isa = PBXFileReference; lastKnownFileType = sourcecode.c.h; path = ViewController.h; sourceTree = "<group>"; };
		96A051CE241B831C0079EF76 /* ViewController.m */ = {isa = PBXFileReference; lastKnownFileType = sourcecode.c.objc; path = ViewController.m; sourceTree = "<group>"; };
		96A051D1241B831C0079EF76 /* Base */ = {isa = PBXFileReference; lastKnownFileType = file.storyboard; name = Base; path = Base.lproj/Main.storyboard; sourceTree = "<group>"; };
		96A051D3241B831F0079EF76 /* Assets.xcassets */ = {isa = PBXFileReference; lastKnownFileType = folder.assetcatalog; path = Assets.xcassets; sourceTree = "<group>"; };
		96A051D6241B831F0079EF76 /* Base */ = {isa = PBXFileReference; lastKnownFileType = file.storyboard; name = Base; path = Base.lproj/LaunchScreen.storyboard; sourceTree = "<group>"; };
		96A051D8241B831F0079EF76 /* Info.plist */ = {isa = PBXFileReference; lastKnownFileType = text.plist.xml; path = Info.plist; sourceTree = "<group>"; };
		96A051D9241B831F0079EF76 /* main.m */ = {isa = PBXFileReference; lastKnownFileType = sourcecode.c.objc; path = main.m; sourceTree = "<group>"; };
		96A051DF241B831F0079EF76 /* ArrrayTestTests.xctest */ = {isa = PBXFileReference; explicitFileType = wrapper.cfbundle; includeInIndex = 0; path = ArrrayTestTests.xctest; sourceTree = BUILT_PRODUCTS_DIR; };
		96A051E3241B831F0079EF76 /* ArrrayTestTests.m */ = {isa = PBXFileReference; lastKnownFileType = sourcecode.c.objc; path = ArrrayTestTests.m; sourceTree = "<group>"; };
		96A051E5241B831F0079EF76 /* Info.plist */ = {isa = PBXFileReference; lastKnownFileType = text.plist.xml; path = Info.plist; sourceTree = "<group>"; };
		96A051EA241B831F0079EF76 /* ArrrayTestUITests.xctest */ = {isa = PBXFileReference; explicitFileType = wrapper.cfbundle; includeInIndex = 0; path = ArrrayTestUITests.xctest; sourceTree = BUILT_PRODUCTS_DIR; };
		96A051EE241B831F0079EF76 /* ArrrayTestUITests.m */ = {isa = PBXFileReference; lastKnownFileType = sourcecode.c.objc; path = ArrrayTestUITests.m; sourceTree = "<group>"; };
		96A051F0241B831F0079EF76 /* Info.plist */ = {isa = PBXFileReference; lastKnownFileType = text.plist.xml; path = Info.plist; sourceTree = "<group>"; };
/* End PBXFileReference section */

/* Begin PBXFrameworksBuildPhase section */
		96A051C1241B831C0079EF76 /* Frameworks */ = {
			isa = PBXFrameworksBuildPhase;
			buildActionMask = 2147483647;
			files = (
			);
			runOnlyForDeploymentPostprocessing = 0;
		};
		96A051DC241B831F0079EF76 /* Frameworks */ = {
			isa = PBXFrameworksBuildPhase;
			buildActionMask = 2147483647;
			files = (
			);
			runOnlyForDeploymentPostprocessing = 0;
		};
		96A051E7241B831F0079EF76 /* Frameworks */ = {
			isa = PBXFrameworksBuildPhase;
			buildActionMask = 2147483647;
			files = (
			);
			runOnlyForDeploymentPostprocessing = 0;
		};
/* End PBXFrameworksBuildPhase section */

/* Begin PBXGroup section */
		96A051BB241B831C0079EF76 = {
			isa = PBXGroup;
			children = (
				96A051C6241B831C0079EF76 /* ArrrayTest */,
				96A051E2241B831F0079EF76 /* ArrrayTestTests */,
				96A051ED241B831F0079EF76 /* ArrrayTestUITests */,
				96A051C5241B831C0079EF76 /* Products */,
			);
			sourceTree = "<group>";
		};
		96A051C5241B831C0079EF76 /* Products */ = {
			isa = PBXGroup;
			children = (
				96A051C4241B831C0079EF76 /* ArrrayTest.app */,
				96A051DF241B831F0079EF76 /* ArrrayTestTests.xctest */,
				96A051EA241B831F0079EF76 /* ArrrayTestUITests.xctest */,
			);
			name = Products;
			sourceTree = "<group>";
		};
		96A051C6241B831C0079EF76 /* ArrrayTest */ = {
			isa = PBXGroup;
			children = (
				96A051C7241B831C0079EF76 /* AppDelegate.h */,
				96A051C8241B831C0079EF76 /* AppDelegate.m */,
				96A051CA241B831C0079EF76 /* SceneDelegate.h */,
				96A051CB241B831C0079EF76 /* SceneDelegate.m */,
				96A051CD241B831C0079EF76 /* ViewController.h */,
				96A051CE241B831C0079EF76 /* ViewController.m */,
				96A051D0241B831C0079EF76 /* Main.storyboard */,
				96A051D3241B831F0079EF76 /* Assets.xcassets */,
				96A051D5241B831F0079EF76 /* LaunchScreen.storyboard */,
				96A051D8241B831F0079EF76 /* Info.plist */,
				96A051D9241B831F0079EF76 /* main.m */,
			);
			path = ArrrayTest;
			sourceTree = "<group>";
		};
		96A051E2241B831F0079EF76 /* ArrrayTestTests */ = {
			isa = PBXGroup;
			children = (
				96A051E3241B831F0079EF76 /* ArrrayTestTests.m */,
				96A051E5241B831F0079EF76 /* Info.plist */,
			);
			path = ArrrayTestTests;
			sourceTree = "<group>";
		};
		96A051ED241B831F0079EF76 /* ArrrayTestUITests */ = {
			isa = PBXGroup;
			children = (
				96A051EE241B831F0079EF76 /* ArrrayTestUITests.m */,
				96A051F0241B831F0079EF76 /* Info.plist */,
			);
			path = ArrrayTestUITests;
			sourceTree = "<group>";
		};
/* End PBXGroup section */

/* Begin PBXNativeTarget section */
		96A051C3241B831C0079EF76 /* ArrrayTest */ = {
			isa = PBXNativeTarget;
			buildConfigurationList = 96A051F3241B831F0079EF76 /* Build configuration list for PBXNativeTarget "ArrrayTest" */;
			buildPhases = (
				96A051C0241B831C0079EF76 /* Sources */,
				96A051C1241B831C0079EF76 /* Frameworks */,
				96A051C2241B831C0079EF76 /* Resources */,
			);
			buildRules = (
			);
			dependencies = (
			);
			name = ArrrayTest;
			productName = ArrrayTest;
			productReference = 96A051C4241B831C0079EF76 /* ArrrayTest.app */;
			productType = "com.apple.product-type.application";
		};
		96A051DE241B831F0079EF76 /* ArrrayTestTests */ = {
			isa = PBXNativeTarget;
			buildConfigurationList = 96A051F6241B831F0079EF76 /* Build configuration list for PBXNativeTarget "ArrrayTestTests" */;
			buildPhases = (
				96A051DB241B831F0079EF76 /* Sources */,
				96A051DC241B831F0079EF76 /* Frameworks */,
				96A051DD241B831F0079EF76 /* Resources */,
			);
			buildRules = (
			);
			dependencies = (
				96A051E1241B831F0079EF76 /* PBXTargetDependency */,
			);
			name = ArrrayTestTests;
			productName = ArrrayTestTests;
			productReference = 96A051DF241B831F0079EF76 /* ArrrayTestTests.xctest */;
			productType = "com.apple.product-type.bundle.unit-test";
		};
		96A051E9241B831F0079EF76 /* ArrrayTestUITests */ = {
			isa = PBXNativeTarget;
			buildConfigurationList = 96A051F9241B831F0079EF76 /* Build configuration list for PBXNativeTarget "ArrrayTestUITests" */;
			buildPhases = (
				96A051E6241B831F0079EF76 /* Sources */,
				96A051E7241B831F0079EF76 /* Frameworks */,
				96A051E8241B831F0079EF76 /* Resources */,
			);
			buildRules = (
			);
			dependencies = (
				96A051EC241B831F0079EF76 /* PBXTargetDependency */,
			);
			name = ArrrayTestUITests;
			productName = ArrrayTestUITests;
			productReference = 96A051EA241B831F0079EF76 /* ArrrayTestUITests.xctest */;
			productType = "com.apple.product-type.bundle.ui-testing";
		};
/* End PBXNativeTarget section */

/* Begin PBXProject section */
		96A051BC241B831C0079EF76 /* Project object */ = {
			isa = PBXProject;
			attributes = {
				LastUpgradeCheck = 1130;
				ORGANIZATIONNAME = com.Cingjin;
				TargetAttributes = {
					96A051C3241B831C0079EF76 = {
						CreatedOnToolsVersion = 11.3;
					};
					96A051DE241B831F0079EF76 = {
						CreatedOnToolsVersion = 11.3;
						TestTargetID = 96A051C3241B831C0079EF76;
					};
					96A051E9241B831F0079EF76 = {
						CreatedOnToolsVersion = 11.3;
						TestTargetID = 96A051C3241B831C0079EF76;
					};
				};
			};
			buildConfigurationList = 96A051BF241B831C0079EF76 /* Build configuration list for PBXProject "ArrrayTest" */;
			compatibilityVersion = "Xcode 9.3";
			developmentRegion = en;
			hasScannedForEncodings = 0;
			knownRegions = (
				en,
				Base,
			);
			mainGroup = 96A051BB241B831C0079EF76;
			productRefGroup = 96A051C5241B831C0079EF76 /* Products */;
			projectDirPath = "";
			projectRoot = "";
			targets = (
				96A051C3241B831C0079EF76 /* ArrrayTest */,
				96A051DE241B831F0079EF76 /* ArrrayTestTests */,
				96A051E9241B831F0079EF76 /* ArrrayTestUITests */,
			);
		};
/* End PBXProject section */

/* Begin PBXResourcesBuildPhase section */
		96A051C2241B831C0079EF76 /* Resources */ = {
			isa = PBXResourcesBuildPhase;
			buildActionMask = 2147483647;
			files = (
				96A051D7241B831F0079EF76 /* LaunchScreen.storyboard in Resources */,
				96A051D4241B831F0079EF76 /* Assets.xcassets in Resources */,
				96A051D2241B831C0079EF76 /* Main.storyboard in Resources */,
			);
			runOnlyForDeploymentPostprocessing = 0;
		};
		96A051DD241B831F0079EF76 /* Resources */ = {
			isa = PBXResourcesBuildPhase;
			buildActionMask = 2147483647;
			files = (
			);
			runOnlyForDeploymentPostprocessing = 0;
		};
		96A051E8241B831F0079EF76 /* Resources */ = {
			isa = PBXResourcesBuildPhase;
			buildActionMask = 2147483647;
			files = (
			);
			runOnlyForDeploymentPostprocessing = 0;
		};
/* End PBXResourcesBuildPhase section */

/* Begin PBXSourcesBuildPhase section */
		96A051C0241B831C0079EF76 /* Sources */ = {
			isa = PBXSourcesBuildPhase;
			buildActionMask = 2147483647;
			files = (
				96A051CF241B831C0079EF76 /* ViewController.m in Sources */,
				96A051C9241B831C0079EF76 /* AppDelegate.m in Sources */,
				96A051DA241B831F0079EF76 /* main.m in Sources */,
				96A051CC241B831C0079EF76 /* SceneDelegate.m in Sources */,
			);
			runOnlyForDeploymentPostprocessing = 0;
		};
		96A051DB241B831F0079EF76 /* Sources */ = {
			isa = PBXSourcesBuildPhase;
			buildActionMask = 2147483647;
			files = (
				96A051E4241B831F0079EF76 /* ArrrayTestTests.m in Sources */,
			);
			runOnlyForDeploymentPostprocessing = 0;
		};
		96A051E6241B831F0079EF76 /* Sources */ = {
			isa = PBXSourcesBuildPhase;
			buildActionMask = 2147483647;
			files = (
				96A051EF241B831F0079EF76 /* ArrrayTestUITests.m in Sources */,
			);
			runOnlyForDeploymentPostprocessing = 0;
		};
/* End PBXSourcesBuildPhase section */

/* Begin PBXTargetDependency section */
		96A051E1241B831F0079EF76 /* PBXTargetDependency */ = {
			isa = PBXTargetDependency;
			target = 96A051C3241B831C0079EF76 /* ArrrayTest */;
			targetProxy = 96A051E0241B831F0079EF76 /* PBXContainerItemProxy */;
		};
		96A051EC241B831F0079EF76 /* PBXTargetDependency */ = {
			isa = PBXTargetDependency;
			target = 96A051C3241B831C0079EF76 /* ArrrayTest */;
			targetProxy = 96A051EB241B831F0079EF76 /* PBXContainerItemProxy */;
		};
/* End PBXTargetDependency section */

/* Begin PBXVariantGroup section */
		96A051D0241B831C0079EF76 /* Main.storyboard */ = {
			isa = PBXVariantGroup;
			children = (
				96A051D1241B831C0079EF76 /* Base */,
			);
			name = Main.storyboard;
			sourceTree = "<group>";
		};
		96A051D5241B831F0079EF76 /* LaunchScreen.storyboard */ = {
			isa = PBXVariantGroup;
			children = (
				96A051D6241B831F0079EF76 /* Base */,
			);
			name = LaunchScreen.storyboard;
			sourceTree = "<group>";
		};
/* End PBXVariantGroup section */

/* Begin XCBuildConfiguration section */
		96A051F1241B831F0079EF76 /* Debug */ = {
			isa = XCBuildConfiguration;
			buildSettings = {
				ALWAYS_SEARCH_USER_PATHS = NO;
				CLANG_ANALYZER_NONNULL = YES;
				CLANG_ANALYZER_NUMBER_OBJECT_CONVERSION = YES_AGGRESSIVE;
				CLANG_CXX_LANGUAGE_STANDARD = "gnu++14";
				CLANG_CXX_LIBRARY = "libc++";
				CLANG_ENABLE_MODULES = YES;
				CLANG_ENABLE_OBJC_ARC = YES;
				CLANG_ENABLE_OBJC_WEAK = YES;
				CLANG_WARN_BLOCK_CAPTURE_AUTORELEASING = YES;
				CLANG_WARN_BOOL_CONVERSION = YES;
				CLANG_WARN_COMMA = YES;
				CLANG_WARN_CONSTANT_CONVERSION = YES;
				CLANG_WARN_DEPRECATED_OBJC_IMPLEMENTATIONS = YES;
				CLANG_WARN_DIRECT_OBJC_ISA_USAGE = YES_ERROR;
				CLANG_WARN_DOCUMENTATION_COMMENTS = YES;
				CLANG_WARN_EMPTY_BODY = YES;
				CLANG_WARN_ENUM_CONVERSION = YES;
				CLANG_WARN_INFINITE_RECURSION = YES;
				CLANG_WARN_INT_CONVERSION = YES;
				CLANG_WARN_NON_LITERAL_NULL_CONVERSION = YES;
				CLANG_WARN_OBJC_IMPLICIT_RETAIN_SELF = YES;
				CLANG_WARN_OBJC_LITERAL_CONVERSION = YES;
				CLANG_WARN_OBJC_ROOT_CLASS = YES_ERROR;
				CLANG_WARN_RANGE_LOOP_ANALYSIS = YES;
				CLANG_WARN_STRICT_PROTOTYPES = YES;
				CLANG_WARN_SUSPICIOUS_MOVE = YES;
				CLANG_WARN_UNGUARDED_AVAILABILITY = YES_AGGRESSIVE;
				CLANG_WARN_UNREACHABLE_CODE = YES;
				CLANG_WARN__DUPLICATE_METHOD_MATCH = YES;
				COPY_PHASE_STRIP = NO;
				DEBUG_INFORMATION_FORMAT = dwarf;
				ENABLE_STRICT_OBJC_MSGSEND = YES;
				ENABLE_TESTABILITY = YES;
				GCC_C_LANGUAGE_STANDARD = gnu11;
				GCC_DYNAMIC_NO_PIC = NO;
				GCC_NO_COMMON_BLOCKS = YES;
				GCC_OPTIMIZATION_LEVEL = 0;
				GCC_PREPROCESSOR_DEFINITIONS = (
					"DEBUG=1",
					"$(inherited)",
				);
				GCC_WARN_64_TO_32_BIT_CONVERSION = YES;
				GCC_WARN_ABOUT_RETURN_TYPE = YES_ERROR;
				GCC_WARN_UNDECLARED_SELECTOR = YES;
				GCC_WARN_UNINITIALIZED_AUTOS = YES_AGGRESSIVE;
				GCC_WARN_UNUSED_FUNCTION = YES;
				GCC_WARN_UNUSED_VARIABLE = YES;
				IPHONEOS_DEPLOYMENT_TARGET = 13.2;
				MTL_ENABLE_DEBUG_INFO = INCLUDE_SOURCE;
				MTL_FAST_MATH = YES;
				ONLY_ACTIVE_ARCH = YES;
				SDKROOT = iphoneos;
			};
			name = Debug;
		};
		96A051F2241B831F0079EF76 /* Release */ = {
			isa = XCBuildConfiguration;
			buildSettings = {
				ALWAYS_SEARCH_USER_PATHS = NO;
				CLANG_ANALYZER_NONNULL = YES;
				CLANG_ANALYZER_NUMBER_OBJECT_CONVERSION = YES_AGGRESSIVE;
				CLANG_CXX_LANGUAGE_STANDARD = "gnu++14";
				CLANG_CXX_LIBRARY = "libc++";
				CLANG_ENABLE_MODULES = YES;
				CLANG_ENABLE_OBJC_ARC = YES;
				CLANG_ENABLE_OBJC_WEAK = YES;
				CLANG_WARN_BLOCK_CAPTURE_AUTORELEASING = YES;
				CLANG_WARN_BOOL_CONVERSION = YES;
				CLANG_WARN_COMMA = YES;
				CLANG_WARN_CONSTANT_CONVERSION = YES;
				CLANG_WARN_DEPRECATED_OBJC_IMPLEMENTATIONS = YES;
				CLANG_WARN_DIRECT_OBJC_ISA_USAGE = YES_ERROR;
				CLANG_WARN_DOCUMENTATION_COMMENTS = YES;
				CLANG_WARN_EMPTY_BODY = YES;
				CLANG_WARN_ENUM_CONVERSION = YES;
				CLANG_WARN_INFINITE_RECURSION = YES;
				CLANG_WARN_INT_CONVERSION = YES;
				CLANG_WARN_NON_LITERAL_NULL_CONVERSION = YES;
				CLANG_WARN_OBJC_IMPLICIT_RETAIN_SELF = YES;
				CLANG_WARN_OBJC_LITERAL_CONVERSION = YES;
				CLANG_WARN_OBJC_ROOT_CLASS = YES_ERROR;
				CLANG_WARN_RANGE_LOOP_ANALYSIS = YES;
				CLANG_WARN_STRICT_PROTOTYPES = YES;
				CLANG_WARN_SUSPICIOUS_MOVE = YES;
				CLANG_WARN_UNGUARDED_AVAILABILITY = YES_AGGRESSIVE;
				CLANG_WARN_UNREACHABLE_CODE = YES;
				CLANG_WARN__DUPLICATE_METHOD_MATCH = YES;
				COPY_PHASE_STRIP = NO;
				DEBUG_INFORMATION_FORMAT = "dwarf-with-dsym";
				ENABLE_NS_ASSERTIONS = NO;
				ENABLE_STRICT_OBJC_MSGSEND = YES;
				GCC_C_LANGUAGE_STANDARD = gnu11;
				GCC_NO_COMMON_BLOCKS = YES;
				GCC_WARN_64_TO_32_BIT_CONVERSION = YES;
				GCC_WARN_ABOUT_RETURN_TYPE = YES_ERROR;
				GCC_WARN_UNDECLARED_SELECTOR = YES;
				GCC_WARN_UNINITIALIZED_AUTOS = YES_AGGRESSIVE;
				GCC_WARN_UNUSED_FUNCTION = YES;
				GCC_WARN_UNUSED_VARIABLE = YES;
				IPHONEOS_DEPLOYMENT_TARGET = 13.2;
				MTL_ENABLE_DEBUG_INFO = NO;
				MTL_FAST_MATH = YES;
				SDKROOT = iphoneos;
				VALIDATE_PRODUCT = YES;
			};
			name = Release;
		};
		96A051F4241B831F0079EF76 /* Debug */ = {
			isa = XCBuildConfiguration;
			buildSettings = {
				ASSETCATALOG_COMPILER_APPICON_NAME = AppIcon;
				CODE_SIGN_STYLE = Automatic;
				DEVELOPMENT_TEAM = C84Z46TM59;
				INFOPLIST_FILE = ArrrayTest/Info.plist;
				LD_RUNPATH_SEARCH_PATHS = (
					"$(inherited)",
					"@executable_path/Frameworks",
				);
				PRODUCT_BUNDLE_IDENTIFIER = com.CingjinLanScan.ArrrayTest;
				PRODUCT_NAME = "$(TARGET_NAME)";
				TARGETED_DEVICE_FAMILY = "1,2";
			};
			name = Debug;
		};
		96A051F5241B831F0079EF76 /* Release */ = {
			isa = XCBuildConfiguration;
			buildSettings = {
				ASSETCATALOG_COMPILER_APPICON_NAME = AppIcon;
				CODE_SIGN_STYLE = Automatic;
				DEVELOPMENT_TEAM = C84Z46TM59;
				INFOPLIST_FILE = ArrrayTest/Info.plist;
				LD_RUNPATH_SEARCH_PATHS = (
					"$(inherited)",
					"@executable_path/Frameworks",
				);
				PRODUCT_BUNDLE_IDENTIFIER = com.CingjinLanScan.ArrrayTest;
				PRODUCT_NAME = "$(TARGET_NAME)";
				TARGETED_DEVICE_FAMILY = "1,2";
			};
			name = Release;
		};
		96A051F7241B831F0079EF76 /* Debug */ = {
			isa = XCBuildConfiguration;
			buildSettings = {
				BUNDLE_LOADER = "$(TEST_HOST)";
				CODE_SIGN_STYLE = Automatic;
				DEVELOPMENT_TEAM = C84Z46TM59;
				INFOPLIST_FILE = ArrrayTestTests/Info.plist;
				IPHONEOS_DEPLOYMENT_TARGET = 13.2;
				LD_RUNPATH_SEARCH_PATHS = (
					"$(inherited)",
					"@executable_path/Frameworks",
					"@loader_path/Frameworks",
				);
				PRODUCT_BUNDLE_IDENTIFIER = com.CingjinLanScan.ArrrayTestTests;
				PRODUCT_NAME = "$(TARGET_NAME)";
				TARGETED_DEVICE_FAMILY = "1,2";
				TEST_HOST = "$(BUILT_PRODUCTS_DIR)/ArrrayTest.app/ArrrayTest";
			};
			name = Debug;
		};
		96A051F8241B831F0079EF76 /* Release */ = {
			isa = XCBuildConfiguration;
			buildSettings = {
				BUNDLE_LOADER = "$(TEST_HOST)";
				CODE_SIGN_STYLE = Automatic;
				DEVELOPMENT_TEAM = C84Z46TM59;
				INFOPLIST_FILE = ArrrayTestTests/Info.plist;
				IPHONEOS_DEPLOYMENT_TARGET = 13.2;
				LD_RUNPATH_SEARCH_PATHS = (
					"$(inherited)",
					"@executable_path/Frameworks",
					"@loader_path/Frameworks",
				);
				PRODUCT_BUNDLE_IDENTIFIER = com.CingjinLanScan.ArrrayTestTests;
				PRODUCT_NAME = "$(TARGET_NAME)";
				TARGETED_DEVICE_FAMILY = "1,2";
				TEST_HOST = "$(BUILT_PRODUCTS_DIR)/ArrrayTest.app/ArrrayTest";
			};
			name = Release;
		};
		96A051FA241B831F0079EF76 /* Debug */ = {
			isa = XCBuildConfiguration;
			buildSettings = {
				CODE_SIGN_STYLE = Automatic;
				DEVELOPMENT_TEAM = C84Z46TM59;
				INFOPLIST_FILE = ArrrayTestUITests/Info.plist;
				LD_RUNPATH_SEARCH_PATHS = (
					"$(inherited)",
					"@executable_path/Frameworks",
					"@loader_path/Frameworks",
				);
				PRODUCT_BUNDLE_IDENTIFIER = com.CingjinLanScan.ArrrayTestUITests;
				PRODUCT_NAME = "$(TARGET_NAME)";
				TARGETED_DEVICE_FAMILY = "1,2";
				TEST_TARGET_NAME = ArrrayTest;
			};
			name = Debug;
		};
		96A051FB241B831F0079EF76 /* Release */ = {
			isa = XCBuildConfiguration;
			buildSettings = {
				CODE_SIGN_STYLE = Automatic;
				DEVELOPMENT_TEAM = C84Z46TM59;
				INFOPLIST_FILE = ArrrayTestUITests/Info.plist;
				LD_RUNPATH_SEARCH_PATHS = (
					"$(inherited)",
					"@executable_path/Frameworks",
					"@loader_path/Frameworks",
				);
				PRODUCT_BUNDLE_IDENTIFIER = com.CingjinLanScan.ArrrayTestUITests;
				PRODUCT_NAME = "$(TARGET_NAME)";
				TARGETED_DEVICE_FAMILY = "1,2";
				TEST_TARGET_NAME = ArrrayTest;
			};
			name = Release;
		};
/* End XCBuildConfiguration section */

/* Begin XCConfigurationList section */
		96A051BF241B831C0079EF76 /* Build configuration list for PBXProject "ArrrayTest" */ = {
			isa = XCConfigurationList;
			buildConfigurations = (
				96A051F1241B831F0079EF76 /* Debug */,
				96A051F2241B831F0079EF76 /* Release */,
			);
			defaultConfigurationIsVisible = 0;
			defaultConfigurationName = Release;
		};
		96A051F3241B831F0079EF76 /* Build configuration list for PBXNativeTarget "ArrrayTest" */ = {
			isa = XCConfigurationList;
			buildConfigurations = (
				96A051F4241B831F0079EF76 /* Debug */,
				96A051F5241B831F0079EF76 /* Release */,
			);
			defaultConfigurationIsVisible = 0;
			defaultConfigurationName = Release;
		};
		96A051F6241B831F0079EF76 /* Build configuration list for PBXNativeTarget "ArrrayTestTests" */ = {
			isa = XCConfigurationList;
			buildConfigurations = (
				96A051F7241B831F0079EF76 /* Debug */,
				96A051F8241B831F0079EF76 /* Release */,
			);
			defaultConfigurationIsVisible = 0;
			defaultConfigurationName = Release;
		};
		96A051F9241B831F0079EF76 /* Build configuration list for PBXNativeTarget "ArrrayTestUITests" */ = {
			isa = XCConfigurationList;
			buildConfigurations = (
				96A051FA241B831F0079EF76 /* Debug */,
				96A051FB241B831F0079EF76 /* Release */,
			);
			defaultConfigurationIsVisible = 0;
			defaultConfigurationName = Release;
		};
/* End XCConfigurationList section */
	};
	rootObject = 96A051BC241B831C0079EF76 /* Project object */;
}
